// !$*UTF8*$!
{
	archiveVersion = 1;
	classes = {
	};
	objectVersion = 46;
	objects = {

/* Begin PBXBuildFile section */
		6821AD571C6001060091C65C /* main.m in Sources */ = {isa = PBXBuildFile; fileRef = 6821AD561C6001060091C65C /* main.m */; };
		6821AD5A1C6001060091C65C /* AppDelegate.m in Sources */ = {isa = PBXBuildFile; fileRef = 6821AD591C6001060091C65C /* AppDelegate.m */; };
		6821AD5D1C6001060091C65C /* ViewController.m in Sources */ = {isa = PBXBuildFile; fileRef = 6821AD5C1C6001060091C65C /* ViewController.m */; };
		6821AD601C6001060091C65C /* Main.storyboard in Resources */ = {isa = PBXBuildFile; fileRef = 6821AD5E1C6001060091C65C /* Main.storyboard */; };
		6821AD621C6001060091C65C /* Assets.xcassets in Resources */ = {isa = PBXBuildFile; fileRef = 6821AD611C6001060091C65C /* Assets.xcassets */; };
		6821AD651C6001060091C65C /* LaunchScreen.storyboard in Resources */ = {isa = PBXBuildFile; fileRef = 6821AD631C6001060091C65C /* LaunchScreen.storyboard */; };
		6821AD8A1C6118560091C65C /* AGTMoney.m in Sources */ = {isa = PBXBuildFile; fileRef = 6821AD891C6118560091C65C /* AGTMoney.m */; };
		6821AD8B1C6118560091C65C /* AGTMoney.m in Sources */ = {isa = PBXBuildFile; fileRef = 6821AD891C6118560091C65C /* AGTMoney.m */; };
		6821AD8F1C611AF80091C65C /* NSObject+GNUStepAddons.m in Sources */ = {isa = PBXBuildFile; fileRef = 6821AD8E1C611AF80091C65C /* NSObject+GNUStepAddons.m */; };
		6821AD921C611E890091C65C /* AGTMoneyTest.m in Sources */ = {isa = PBXBuildFile; fileRef = 6821AD911C611E890091C65C /* AGTMoneyTest.m */; };
		6821AD951C63B1820091C65C /* AGTBrokerTest.m in Sources */ = {isa = PBXBuildFile; fileRef = 6821AD941C63B1820091C65C /* AGTBrokerTest.m */; };
		6821AD981C63B3090091C65C /* AGTBroker.m in Sources */ = {isa = PBXBuildFile; fileRef = 6821AD971C63B3080091C65C /* AGTBroker.m */; };
		6821AD991C63B3090091C65C /* AGTBroker.m in Sources */ = {isa = PBXBuildFile; fileRef = 6821AD971C63B3080091C65C /* AGTBroker.m */; };
		6821AD9B1C63FDF90091C65C /* AGTWalletTests.m in Sources */ = {isa = PBXBuildFile; fileRef = 6821AD9A1C63FDF90091C65C /* AGTWalletTests.m */; };
		6821AD9E1C6401770091C65C /* AGTWallet.m in Sources */ = {isa = PBXBuildFile; fileRef = 6821AD9D1C6401770091C65C /* AGTWallet.m */; };
		6821AD9F1C6401770091C65C /* AGTWallet.m in Sources */ = {isa = PBXBuildFile; fileRef = 6821AD9D1C6401770091C65C /* AGTWallet.m */; };
		6821ADA41C64ED160091C65C /* AGTSimpleViewController.m in Sources */ = {isa = PBXBuildFile; fileRef = 6821ADA21C64ED150091C65C /* AGTSimpleViewController.m */; };
		6821ADA51C64ED160091C65C /* AGTSimpleViewController.m in Sources */ = {isa = PBXBuildFile; fileRef = 6821ADA21C64ED150091C65C /* AGTSimpleViewController.m */; };
		6821ADA61C64ED160091C65C /* AGTSimpleViewController.xib in Resources */ = {isa = PBXBuildFile; fileRef = 6821ADA31C64ED150091C65C /* AGTSimpleViewController.xib */; };
		6821ADA71C64ED160091C65C /* AGTSimpleViewController.xib in Resources */ = {isa = PBXBuildFile; fileRef = 6821ADA31C64ED150091C65C /* AGTSimpleViewController.xib */; };
		6821ADAA1C64ED610091C65C /* AGTControllerTests.m in Sources */ = {isa = PBXBuildFile; fileRef = 6821ADA91C64ED610091C65C /* AGTControllerTests.m */; };
		6821ADAD1C64FBCB0091C65C /* AGTWalletTableViewController.m in Sources */ = {isa = PBXBuildFile; fileRef = 6821ADAC1C64FBCB0091C65C /* AGTWalletTableViewController.m */; };
		6821ADAE1C64FBCB0091C65C /* AGTWalletTableViewController.m in Sources */ = {isa = PBXBuildFile; fileRef = 6821ADAC1C64FBCB0091C65C /* AGTWalletTableViewController.m */; };
		6821ADB21C6505750091C65C /* AGTNSNotificationCenterTests.m in Sources */ = {isa = PBXBuildFile; fileRef = 6821ADB11C6505750091C65C /* AGTNSNotificationCenterTests.m */; };
		6821ADB51C6508270091C65C /* AGTFakeNotificationCenter.m in Sources */ = {isa = PBXBuildFile; fileRef = 6821ADB41C6508270091C65C /* AGTFakeNotificationCenter.m */; };
		6821ADB61C6508270091C65C /* AGTFakeNotificationCenter.m in Sources */ = {isa = PBXBuildFile; fileRef = 6821ADB41C6508270091C65C /* AGTFakeNotificationCenter.m */; };
/* End PBXBuildFile section */

/* Begin PBXContainerItemProxy section */
		6821AD6C1C6001060091C65C /* PBXContainerItemProxy */ = {
			isa = PBXContainerItemProxy;
			containerPortal = 6821AD4A1C6001060091C65C /* Project object */;
			proxyType = 1;
			remoteGlobalIDString = 6821AD511C6001060091C65C;
			remoteInfo = Billetera;
		};
/* End PBXContainerItemProxy section */

/* Begin PBXFileReference section */
		6821AD521C6001060091C65C /* Billetera.app */ = {isa = PBXFileReference; explicitFileType = wrapper.application; includeInIndex = 0; path = Billetera.app; sourceTree = BUILT_PRODUCTS_DIR; };
		6821AD561C6001060091C65C /* main.m */ = {isa = PBXFileReference; lastKnownFileType = sourcecode.c.objc; path = main.m; sourceTree = "<group>"; };
		6821AD581C6001060091C65C /* AppDelegate.h */ = {isa = PBXFileReference; lastKnownFileType = sourcecode.c.h; path = AppDelegate.h; sourceTree = "<group>"; };
		6821AD591C6001060091C65C /* AppDelegate.m */ = {isa = PBXFileReference; lastKnownFileType = sourcecode.c.objc; path = AppDelegate.m; sourceTree = "<group>"; };
		6821AD5B1C6001060091C65C /* ViewController.h */ = {isa = PBXFileReference; lastKnownFileType = sourcecode.c.h; path = ViewController.h; sourceTree = "<group>"; };
		6821AD5C1C6001060091C65C /* ViewController.m */ = {isa = PBXFileReference; lastKnownFileType = sourcecode.c.objc; path = ViewController.m; sourceTree = "<group>"; };
		6821AD5F1C6001060091C65C /* Base */ = {isa = PBXFileReference; lastKnownFileType = file.storyboard; name = Base; path = Base.lproj/Main.storyboard; sourceTree = "<group>"; };
		6821AD611C6001060091C65C /* Assets.xcassets */ = {isa = PBXFileReference; lastKnownFileType = folder.assetcatalog; path = Assets.xcassets; sourceTree = "<group>"; };
		6821AD641C6001060091C65C /* Base */ = {isa = PBXFileReference; lastKnownFileType = file.storyboard; name = Base; path = Base.lproj/LaunchScreen.storyboard; sourceTree = "<group>"; };
		6821AD661C6001060091C65C /* Info.plist */ = {isa = PBXFileReference; lastKnownFileType = text.plist.xml; path = Info.plist; sourceTree = "<group>"; };
		6821AD6B1C6001060091C65C /* BilleteraTests.xctest */ = {isa = PBXFileReference; explicitFileType = wrapper.cfbundle; includeInIndex = 0; path = BilleteraTests.xctest; sourceTree = BUILT_PRODUCTS_DIR; };
		6821AD711C6001060091C65C /* Info.plist */ = {isa = PBXFileReference; lastKnownFileType = text.plist.xml; path = Info.plist; sourceTree = "<group>"; };
		6821AD881C6118560091C65C /* AGTMoney.h */ = {isa = PBXFileReference; fileEncoding = 4; lastKnownFileType = sourcecode.c.h; path = AGTMoney.h; sourceTree = "<group>"; };
		6821AD891C6118560091C65C /* AGTMoney.m */ = {isa = PBXFileReference; fileEncoding = 4; lastKnownFileType = sourcecode.c.objc; path = AGTMoney.m; sourceTree = "<group>"; };
		6821AD8D1C611AF80091C65C /* NSObject+GNUStepAddons.h */ = {isa = PBXFileReference; fileEncoding = 4; lastKnownFileType = sourcecode.c.h; path = "NSObject+GNUStepAddons.h"; sourceTree = "<group>"; };
		6821AD8E1C611AF80091C65C /* NSObject+GNUStepAddons.m */ = {isa = PBXFileReference; fileEncoding = 4; lastKnownFileType = sourcecode.c.objc; path = "NSObject+GNUStepAddons.m"; sourceTree = "<group>"; };
		6821AD911C611E890091C65C /* AGTMoneyTest.m */ = {isa = PBXFileReference; fileEncoding = 4; lastKnownFileType = sourcecode.c.objc; path = AGTMoneyTest.m; sourceTree = "<group>"; };
		6821AD941C63B1820091C65C /* AGTBrokerTest.m */ = {isa = PBXFileReference; fileEncoding = 4; lastKnownFileType = sourcecode.c.objc; path = AGTBrokerTest.m; sourceTree = "<group>"; };
		6821AD961C63B3080091C65C /* AGTBroker.h */ = {isa = PBXFileReference; fileEncoding = 4; lastKnownFileType = sourcecode.c.h; path = AGTBroker.h; sourceTree = "<group>"; };
		6821AD971C63B3080091C65C /* AGTBroker.m */ = {isa = PBXFileReference; fileEncoding = 4; lastKnownFileType = sourcecode.c.objc; path = AGTBroker.m; sourceTree = "<group>"; };
		6821AD9A1C63FDF90091C65C /* AGTWalletTests.m */ = {isa = PBXFileReference; fileEncoding = 4; lastKnownFileType = sourcecode.c.objc; path = AGTWalletTests.m; sourceTree = "<group>"; };
		6821AD9C1C6401770091C65C /* AGTWallet.h */ = {isa = PBXFileReference; fileEncoding = 4; lastKnownFileType = sourcecode.c.h; path = AGTWallet.h; sourceTree = "<group>"; };
		6821AD9D1C6401770091C65C /* AGTWallet.m */ = {isa = PBXFileReference; fileEncoding = 4; lastKnownFileType = sourcecode.c.objc; path = AGTWallet.m; sourceTree = "<group>"; };
		6821ADA11C64ED150091C65C /* AGTSimpleViewController.h */ = {isa = PBXFileReference; fileEncoding = 4; lastKnownFileType = sourcecode.c.h; path = AGTSimpleViewController.h; sourceTree = "<group>"; };
		6821ADA21C64ED150091C65C /* AGTSimpleViewController.m */ = {isa = PBXFileReference; fileEncoding = 4; lastKnownFileType = sourcecode.c.objc; path = AGTSimpleViewController.m; sourceTree = "<group>"; };
		6821ADA31C64ED150091C65C /* AGTSimpleViewController.xib */ = {isa = PBXFileReference; fileEncoding = 4; lastKnownFileType = file.xib; path = AGTSimpleViewController.xib; sourceTree = "<group>"; };
		6821ADA91C64ED610091C65C /* AGTControllerTests.m */ = {isa = PBXFileReference; fileEncoding = 4; lastKnownFileType = sourcecode.c.objc; path = AGTControllerTests.m; sourceTree = "<group>"; };
		6821ADAB1C64FBCB0091C65C /* AGTWalletTableViewController.h */ = {isa = PBXFileReference; fileEncoding = 4; lastKnownFileType = sourcecode.c.h; path = AGTWalletTableViewController.h; sourceTree = "<group>"; };
		6821ADAC1C64FBCB0091C65C /* AGTWalletTableViewController.m */ = {isa = PBXFileReference; fileEncoding = 4; lastKnownFileType = sourcecode.c.objc; path = AGTWalletTableViewController.m; sourceTree = "<group>"; };
		6821ADB11C6505750091C65C /* AGTNSNotificationCenterTests.m */ = {isa = PBXFileReference; fileEncoding = 4; lastKnownFileType = sourcecode.c.objc; path = AGTNSNotificationCenterTests.m; sourceTree = "<group>"; };
		6821ADB31C6508270091C65C /* AGTFakeNotificationCenter.h */ = {isa = PBXFileReference; fileEncoding = 4; lastKnownFileType = sourcecode.c.h; path = AGTFakeNotificationCenter.h; sourceTree = "<group>"; };
		6821ADB41C6508270091C65C /* AGTFakeNotificationCenter.m */ = {isa = PBXFileReference; fileEncoding = 4; lastKnownFileType = sourcecode.c.objc; path = AGTFakeNotificationCenter.m; sourceTree = "<group>"; };
/* End PBXFileReference section */

/* Begin PBXFrameworksBuildPhase section */
		6821AD4F1C6001060091C65C /* Frameworks */ = {
			isa = PBXFrameworksBuildPhase;
			buildActionMask = 2147483647;
			files = (
			);
			runOnlyForDeploymentPostprocessing = 0;
		};
		6821AD681C6001060091C65C /* Frameworks */ = {
			isa = PBXFrameworksBuildPhase;
			buildActionMask = 2147483647;
			files = (
			);
			runOnlyForDeploymentPostprocessing = 0;
		};
/* End PBXFrameworksBuildPhase section */

/* Begin PBXGroup section */
		6821AD491C6001060091C65C = {
			isa = PBXGroup;
			children = (
				6821AD541C6001060091C65C /* Billetera */,
				6821AD6E1C6001060091C65C /* BilleteraTests */,
				6821AD531C6001060091C65C /* Products */,
			);
			sourceTree = "<group>";
		};
		6821AD531C6001060091C65C /* Products */ = {
			isa = PBXGroup;
			children = (
				6821AD521C6001060091C65C /* Billetera.app */,
				6821AD6B1C6001060091C65C /* BilleteraTests.xctest */,
			);
			name = Products;
			sourceTree = "<group>";
		};
		6821AD541C6001060091C65C /* Billetera */ = {
			isa = PBXGroup;
			children = (
				6821ADA01C64ECE80091C65C /* Controllers */,
				6821AD8C1C611AAE0091C65C /* Categories */,
				6821AD801C6002AA0091C65C /* Models */,
				6821AD581C6001060091C65C /* AppDelegate.h */,
				6821AD591C6001060091C65C /* AppDelegate.m */,
				6821AD5B1C6001060091C65C /* ViewController.h */,
				6821AD5C1C6001060091C65C /* ViewController.m */,
				6821AD5E1C6001060091C65C /* Main.storyboard */,
				6821AD611C6001060091C65C /* Assets.xcassets */,
				6821AD631C6001060091C65C /* LaunchScreen.storyboard */,
				6821AD661C6001060091C65C /* Info.plist */,
				6821AD551C6001060091C65C /* Supporting Files */,
			);
			path = Billetera;
			sourceTree = "<group>";
		};
		6821AD551C6001060091C65C /* Supporting Files */ = {
			isa = PBXGroup;
			children = (
				6821AD561C6001060091C65C /* main.m */,
			);
			name = "Supporting Files";
			sourceTree = "<group>";
		};
		6821AD6E1C6001060091C65C /* BilleteraTests */ = {
			isa = PBXGroup;
			children = (
				6821ADAF1C65054B0091C65C /* Singletons */,
				6821ADA81C64ED220091C65C /* Controllers */,
				6821AD811C6101BA0091C65C /* Models */,
				6821AD711C6001060091C65C /* Info.plist */,
			);
			path = BilleteraTests;
			sourceTree = "<group>";
		};
		6821AD801C6002AA0091C65C /* Models */ = {
			isa = PBXGroup;
			children = (
				6821AD881C6118560091C65C /* AGTMoney.h */,
				6821AD891C6118560091C65C /* AGTMoney.m */,
				6821AD961C63B3080091C65C /* AGTBroker.h */,
				6821AD971C63B3080091C65C /* AGTBroker.m */,
				6821AD9C1C6401770091C65C /* AGTWallet.h */,
				6821AD9D1C6401770091C65C /* AGTWallet.m */,
			);
			name = Models;
			sourceTree = "<group>";
		};
		6821AD811C6101BA0091C65C /* Models */ = {
			isa = PBXGroup;
			children = (
				6821AD911C611E890091C65C /* AGTMoneyTest.m */,
				6821AD941C63B1820091C65C /* AGTBrokerTest.m */,
				6821AD9A1C63FDF90091C65C /* AGTWalletTests.m */,
			);
			name = Models;
			sourceTree = "<group>";
		};
		6821AD8C1C611AAE0091C65C /* Categories */ = {
			isa = PBXGroup;
			children = (
				6821AD8D1C611AF80091C65C /* NSObject+GNUStepAddons.h */,
				6821AD8E1C611AF80091C65C /* NSObject+GNUStepAddons.m */,
			);
			name = Categories;
			sourceTree = "<group>";
		};
		6821ADA01C64ECE80091C65C /* Controllers */ = {
			isa = PBXGroup;
			children = (
				6821ADA11C64ED150091C65C /* AGTSimpleViewController.h */,
				6821ADA21C64ED150091C65C /* AGTSimpleViewController.m */,
				6821ADA31C64ED150091C65C /* AGTSimpleViewController.xib */,
				6821ADAB1C64FBCB0091C65C /* AGTWalletTableViewController.h */,
				6821ADAC1C64FBCB0091C65C /* AGTWalletTableViewController.m */,
			);
			name = Controllers;
			sourceTree = "<group>";
		};
		6821ADA81C64ED220091C65C /* Controllers */ = {
			isa = PBXGroup;
			children = (
				6821ADA91C64ED610091C65C /* AGTControllerTests.m */,
			);
			name = Controllers;
			sourceTree = "<group>";
		};
		6821ADAF1C65054B0091C65C /* Singletons */ = {
			isa = PBXGroup;
			children = (
				6821ADB11C6505750091C65C /* AGTNSNotificationCenterTests.m */,
				6821ADB31C6508270091C65C /* AGTFakeNotificationCenter.h */,
				6821ADB41C6508270091C65C /* AGTFakeNotificationCenter.m */,
			);
			name = Singletons;
			sourceTree = "<group>";
		};
/* End PBXGroup section */

/* Begin PBXNativeTarget section */
		6821AD511C6001060091C65C /* Billetera */ = {
			isa = PBXNativeTarget;
			buildConfigurationList = 6821AD741C6001060091C65C /* Build configuration list for PBXNativeTarget "Billetera" */;
			buildPhases = (
				6821AD4E1C6001060091C65C /* Sources */,
				6821AD4F1C6001060091C65C /* Frameworks */,
				6821AD501C6001060091C65C /* Resources */,
			);
			buildRules = (
			);
			dependencies = (
			);
			name = Billetera;
			productName = Billetera;
			productReference = 6821AD521C6001060091C65C /* Billetera.app */;
			productType = "com.apple.product-type.application";
		};
		6821AD6A1C6001060091C65C /* BilleteraTests */ = {
			isa = PBXNativeTarget;
			buildConfigurationList = 6821AD771C6001060091C65C /* Build configuration list for PBXNativeTarget "BilleteraTests" */;
			buildPhases = (
				6821AD671C6001060091C65C /* Sources */,
				6821AD681C6001060091C65C /* Frameworks */,
				6821AD691C6001060091C65C /* Resources */,
			);
			buildRules = (
			);
			dependencies = (
				6821AD6D1C6001060091C65C /* PBXTargetDependency */,
			);
			name = BilleteraTests;
			productName = BilleteraTests;
			productReference = 6821AD6B1C6001060091C65C /* BilleteraTests.xctest */;
			productType = "com.apple.product-type.bundle.unit-test";
		};
/* End PBXNativeTarget section */

/* Begin PBXProject section */
		6821AD4A1C6001060091C65C /* Project object */ = {
			isa = PBXProject;
			attributes = {
				LastUpgradeCheck = 0720;
				ORGANIZATIONNAME = "Jorge Miguel Lucena Pino";
				TargetAttributes = {
					6821AD511C6001060091C65C = {
						CreatedOnToolsVersion = 7.2;
						DevelopmentTeam = R5A66455JB;
					};
					6821AD6A1C6001060091C65C = {
						CreatedOnToolsVersion = 7.2;
						DevelopmentTeam = R5A66455JB;
						TestTargetID = 6821AD511C6001060091C65C;
					};
				};
			};
			buildConfigurationList = 6821AD4D1C6001060091C65C /* Build configuration list for PBXProject "Billetera" */;
			compatibilityVersion = "Xcode 3.2";
			developmentRegion = English;
			hasScannedForEncodings = 0;
			knownRegions = (
				en,
				Base,
			);
			mainGroup = 6821AD491C6001060091C65C;
			productRefGroup = 6821AD531C6001060091C65C /* Products */;
			projectDirPath = "";
			projectRoot = "";
			targets = (
				6821AD511C6001060091C65C /* Billetera */,
				6821AD6A1C6001060091C65C /* BilleteraTests */,
			);
		};
/* End PBXProject section */

/* Begin PBXResourcesBuildPhase section */
		6821AD501C6001060091C65C /* Resources */ = {
			isa = PBXResourcesBuildPhase;
			buildActionMask = 2147483647;
			files = (
				6821AD651C6001060091C65C /* LaunchScreen.storyboard in Resources */,
				6821ADA61C64ED160091C65C /* AGTSimpleViewController.xib in Resources */,
				6821AD621C6001060091C65C /* Assets.xcassets in Resources */,
				6821AD601C6001060091C65C /* Main.storyboard in Resources */,
			);
			runOnlyForDeploymentPostprocessing = 0;
		};
		6821AD691C6001060091C65C /* Resources */ = {
			isa = PBXResourcesBuildPhase;
			buildActionMask = 2147483647;
			files = (
				6821ADA71C64ED160091C65C /* AGTSimpleViewController.xib in Resources */,
			);
			runOnlyForDeploymentPostprocessing = 0;
		};
/* End PBXResourcesBuildPhase section */

/* Begin PBXSourcesBuildPhase section */
		6821AD4E1C6001060091C65C /* Sources */ = {
			isa = PBXSourcesBuildPhase;
			buildActionMask = 2147483647;
			files = (
				6821AD9E1C6401770091C65C /* AGTWallet.m in Sources */,
				6821ADA41C64ED160091C65C /* AGTSimpleViewController.m in Sources */,
				6821AD5D1C6001060091C65C /* ViewController.m in Sources */,
				6821ADB51C6508270091C65C /* AGTFakeNotificationCenter.m in Sources */,
				6821AD8F1C611AF80091C65C /* NSObject+GNUStepAddons.m in Sources */,
				6821AD5A1C6001060091C65C /* AppDelegate.m in Sources */,
				6821AD8A1C6118560091C65C /* AGTMoney.m in Sources */,
				6821AD571C6001060091C65C /* main.m in Sources */,
				6821ADAD1C64FBCB0091C65C /* AGTWalletTableViewController.m in Sources */,
				6821AD981C63B3090091C65C /* AGTBroker.m in Sources */,
			);
			runOnlyForDeploymentPostprocessing = 0;
		};
		6821AD671C6001060091C65C /* Sources */ = {
			isa = PBXSourcesBuildPhase;
			buildActionMask = 2147483647;
			files = (
				6821AD8B1C6118560091C65C /* AGTMoney.m in Sources */,
				6821AD9B1C63FDF90091C65C /* AGTWalletTests.m in Sources */,
				6821ADAA1C64ED610091C65C /* AGTControllerTests.m in Sources */,
				6821AD921C611E890091C65C /* AGTMoneyTest.m in Sources */,
				6821AD9F1C6401770091C65C /* AGTWallet.m in Sources */,
				6821ADB21C6505750091C65C /* AGTNSNotificationCenterTests.m in Sources */,
				6821ADB61C6508270091C65C /* AGTFakeNotificationCenter.m in Sources */,
				6821AD951C63B1820091C65C /* AGTBrokerTest.m in Sources */,
				6821AD991C63B3090091C65C /* AGTBroker.m in Sources */,
				6821ADAE1C64FBCB0091C65C /* AGTWalletTableViewController.m in Sources */,
				6821ADA51C64ED160091C65C /* AGTSimpleViewController.m in Sources */,
			);
			runOnlyForDeploymentPostprocessing = 0;
		};
/* End PBXSourcesBuildPhase section */

/* Begin PBXTargetDependency section */
		6821AD6D1C6001060091C65C /* PBXTargetDependency */ = {
			isa = PBXTargetDependency;
			target = 6821AD511C6001060091C65C /* Billetera */;
			targetProxy = 6821AD6C1C6001060091C65C /* PBXContainerItemProxy */;
		};
/* End PBXTargetDependency section */

/* Begin PBXVariantGroup section */
		6821AD5E1C6001060091C65C /* Main.storyboard */ = {
			isa = PBXVariantGroup;
			children = (
				6821AD5F1C6001060091C65C /* Base */,
			);
			name = Main.storyboard;
			sourceTree = "<group>";
		};
		6821AD631C6001060091C65C /* LaunchScreen.storyboard */ = {
			isa = PBXVariantGroup;
			children = (
				6821AD641C6001060091C65C /* Base */,
			);
			name = LaunchScreen.storyboard;
			sourceTree = "<group>";
		};
/* End PBXVariantGroup section */

/* Begin XCBuildConfiguration section */
		6821AD721C6001060091C65C /* Debug */ = {
			isa = XCBuildConfiguration;
			buildSettings = {
				ALWAYS_SEARCH_USER_PATHS = NO;
				CLANG_CXX_LANGUAGE_STANDARD = "gnu++0x";
				CLANG_CXX_LIBRARY = "libc++";
				CLANG_ENABLE_MODULES = YES;
				CLANG_ENABLE_OBJC_ARC = YES;
				CLANG_WARN_BOOL_CONVERSION = YES;
				CLANG_WARN_CONSTANT_CONVERSION = YES;
				CLANG_WARN_DIRECT_OBJC_ISA_USAGE = YES_ERROR;
				CLANG_WARN_EMPTY_BODY = YES;
				CLANG_WARN_ENUM_CONVERSION = YES;
				CLANG_WARN_INT_CONVERSION = YES;
				CLANG_WARN_OBJC_ROOT_CLASS = YES_ERROR;
				CLANG_WARN_UNREACHABLE_CODE = YES;
				CLANG_WARN__DUPLICATE_METHOD_MATCH = YES;
				"CODE_SIGN_IDENTITY[sdk=iphoneos*]" = "iPhone Developer";
				COPY_PHASE_STRIP = NO;
				DEBUG_INFORMATION_FORMAT = dwarf;
				ENABLE_STRICT_OBJC_MSGSEND = YES;
				ENABLE_TESTABILITY = YES;
				GCC_C_LANGUAGE_STANDARD = gnu99;
				GCC_DYNAMIC_NO_PIC = NO;
				GCC_NO_COMMON_BLOCKS = YES;
				GCC_OPTIMIZATION_LEVEL = 0;
				GCC_PREPROCESSOR_DEFINITIONS = (
					"DEBUG=1",
					"$(inherited)",
				);
				GCC_WARN_64_TO_32_BIT_CONVERSION = YES;
				GCC_WARN_ABOUT_RETURN_TYPE = YES_ERROR;
				GCC_WARN_UNDECLARED_SELECTOR = YES;
				GCC_WARN_UNINITIALIZED_AUTOS = YES_AGGRESSIVE;
				GCC_WARN_UNUSED_FUNCTION = YES;
				GCC_WARN_UNUSED_VARIABLE = YES;
				IPHONEOS_DEPLOYMENT_TARGET = 9.2;
				MTL_ENABLE_DEBUG_INFO = YES;
				ONLY_ACTIVE_ARCH = YES;
				SDKROOT = iphoneos;
			};
			name = Debug;
		};
		6821AD731C6001060091C65C /* Release */ = {
			isa = XCBuildConfiguration;
			buildSettings = {
				ALWAYS_SEARCH_USER_PATHS = NO;
				CLANG_CXX_LANGUAGE_STANDARD = "gnu++0x";
				CLANG_CXX_LIBRARY = "libc++";
				CLANG_ENABLE_MODULES = YES;
				CLANG_ENABLE_OBJC_ARC = YES;
				CLANG_WARN_BOOL_CONVERSION = YES;
				CLANG_WARN_CONSTANT_CONVERSION = YES;
				CLANG_WARN_DIRECT_OBJC_ISA_USAGE = YES_ERROR;
				CLANG_WARN_EMPTY_BODY = YES;
				CLANG_WARN_ENUM_CONVERSION = YES;
				CLANG_WARN_INT_CONVERSION = YES;
				CLANG_WARN_OBJC_ROOT_CLASS = YES_ERROR;
				CLANG_WARN_UNREACHABLE_CODE = YES;
				CLANG_WARN__DUPLICATE_METHOD_MATCH = YES;
				"CODE_SIGN_IDENTITY[sdk=iphoneos*]" = "iPhone Developer";
				COPY_PHASE_STRIP = NO;
				DEBUG_INFORMATION_FORMAT = "dwarf-with-dsym";
				ENABLE_NS_ASSERTIONS = NO;
				ENABLE_STRICT_OBJC_MSGSEND = YES;
				GCC_C_LANGUAGE_STANDARD = gnu99;
				GCC_NO_COMMON_BLOCKS = YES;
				GCC_WARN_64_TO_32_BIT_CONVERSION = YES;
				GCC_WARN_ABOUT_RETURN_TYPE = YES_ERROR;
				GCC_WARN_UNDECLARED_SELECTOR = YES;
				GCC_WARN_UNINITIALIZED_AUTOS = YES_AGGRESSIVE;
				GCC_WARN_UNUSED_FUNCTION = YES;
				GCC_WARN_UNUSED_VARIABLE = YES;
				IPHONEOS_DEPLOYMENT_TARGET = 9.2;
				MTL_ENABLE_DEBUG_INFO = NO;
				SDKROOT = iphoneos;
				VALIDATE_PRODUCT = YES;
			};
			name = Release;
		};
		6821AD751C6001060091C65C /* Debug */ = {
			isa = XCBuildConfiguration;
			buildSettings = {
				ASSETCATALOG_COMPILER_APPICON_NAME = AppIcon;
				INFOPLIST_FILE = Billetera/Info.plist;
				LD_RUNPATH_SEARCH_PATHS = "$(inherited) @executable_path/Frameworks";
				PRODUCT_BUNDLE_IDENTIFIER = jf.Billetera;
				PRODUCT_NAME = "$(TARGET_NAME)";
			};
			name = Debug;
		};
		6821AD761C6001060091C65C /* Release */ = {
			isa = XCBuildConfiguration;
			buildSettings = {
				ASSETCATALOG_COMPILER_APPICON_NAME = AppIcon;
				INFOPLIST_FILE = Billetera/Info.plist;
				LD_RUNPATH_SEARCH_PATHS = "$(inherited) @executable_path/Frameworks";
				PRODUCT_BUNDLE_IDENTIFIER = jf.Billetera;
				PRODUCT_NAME = "$(TARGET_NAME)";
			};
			name = Release;
		};
		6821AD781C6001060091C65C /* Debug */ = {
			isa = XCBuildConfiguration;
			buildSettings = {
				BUNDLE_LOADER = "$(TEST_HOST)";
				INFOPLIST_FILE = BilleteraTests/Info.plist;
				LD_RUNPATH_SEARCH_PATHS = "$(inherited) @executable_path/Frameworks @loader_path/Frameworks";
				PRODUCT_BUNDLE_IDENTIFIER = jf.BilleteraTests;
				PRODUCT_NAME = "$(TARGET_NAME)";
				TEST_HOST = "$(BUILT_PRODUCTS_DIR)/Billetera.app/Billetera";
			};
			name = Debug;
		};
		6821AD791C6001060091C65C /* Release */ = {
			isa = XCBuildConfiguration;
			buildSettings = {
				BUNDLE_LOADER = "$(TEST_HOST)";
				INFOPLIST_FILE = BilleteraTests/Info.plist;
				LD_RUNPATH_SEARCH_PATHS = "$(inherited) @executable_path/Frameworks @loader_path/Frameworks";
				PRODUCT_BUNDLE_IDENTIFIER = jf.BilleteraTests;
				PRODUCT_NAME = "$(TARGET_NAME)";
				TEST_HOST = "$(BUILT_PRODUCTS_DIR)/Billetera.app/Billetera";
			};
			name = Release;
		};
/* End XCBuildConfiguration section */

/* Begin XCConfigurationList section */
		6821AD4D1C6001060091C65C /* Build configuration list for PBXProject "Billetera" */ = {
			isa = XCConfigurationList;
			buildConfigurations = (
				6821AD721C6001060091C65C /* Debug */,
				6821AD731C6001060091C65C /* Release */,
			);
			defaultConfigurationIsVisible = 0;
			defaultConfigurationName = Release;
		};
		6821AD741C6001060091C65C /* Build configuration list for PBXNativeTarget "Billetera" */ = {
			isa = XCConfigurationList;
			buildConfigurations = (
				6821AD751C6001060091C65C /* Debug */,
				6821AD761C6001060091C65C /* Release */,
			);
			defaultConfigurationIsVisible = 0;
			defaultConfigurationName = Release;
		};
		6821AD771C6001060091C65C /* Build configuration list for PBXNativeTarget "BilleteraTests" */ = {
			isa = XCConfigurationList;
			buildConfigurations = (
				6821AD781C6001060091C65C /* Debug */,
				6821AD791C6001060091C65C /* Release */,
			);
			defaultConfigurationIsVisible = 0;
			defaultConfigurationName = Release;
		};
/* End XCConfigurationList section */
	};
	rootObject = 6821AD4A1C6001060091C65C /* Project object */;
}
